
Microsoft Visual Studio Solution File, Format Version 12.00
# Visual Studio Version 17
VisualStudioVersion = 17.0.32126.317
MinimumVisualStudioVersion = 10.0.40219.1
Project("{FAE04EC0-301F-11D3-BF4B-00C04F79EFBC}") = "II_Lab1_P2", "II_Lab1_P2\II_Lab1_P2.csproj", "{1DE11657-0880-4D0B-AF8A-722F45614AF9}"
EndProject
Global
	GlobalSection(SolutionConfigurationPlatforms) = preSolution
		Debug|Any CPU = Debug|Any CPU
		Release|Any CPU = Release|Any CPU
	EndGlobalSection
	GlobalSection(ProjectConfigurationPlatforms) = postSolution
		{1DE11657-0880-4D0B-AF8A-722F45614AF9}.Debug|Any CPU.ActiveCfg = Debug|Any CPU
		{1DE11657-0880-4D0B-AF8A-722F45614AF9}.Debug|Any CPU.Build.0 = Debug|Any CPU
		{1DE11657-0880-4D0B-AF8A-722F45614AF9}.Release|Any CPU.ActiveCfg = Release|Any CPU
		{1DE11657-0880-4D0B-AF8A-722F45614AF9}.Release|Any CPU.Build.0 = Release|Any CPU
	EndGlobalSection
	GlobalSection(SolutionProperties) = preSolution
		HideSolutionNode = FALSE
	EndGlobalSection
	GlobalSection(ExtensibilityGlobals) = postSolution
		SolutionGuid = {A76FB992-775F-4F96-822C-BCDF133685BF}
	EndGlobalSection
EndGlobal
