
Microsoft Visual Studio Solution File, Format Version 12.00
# Visual Studio Version 17
VisualStudioVersion = 17.0.32126.317
MinimumVisualStudioVersion = 10.0.40219.1
Project("{FAE04EC0-301F-11D3-BF4B-00C04F79EFBC}") = "II_Lab2_P4", "II_Lab2_P4\II_Lab2_P4.csproj", "{28D9B3A6-80A0-4D79-86CE-88906DF7C067}"
EndProject
Global
	GlobalSection(SolutionConfigurationPlatforms) = preSolution
		Debug|Any CPU = Debug|Any CPU
		Release|Any CPU = Release|Any CPU
	EndGlobalSection
	GlobalSection(ProjectConfigurationPlatforms) = postSolution
		{28D9B3A6-80A0-4D79-86CE-88906DF7C067}.Debug|Any CPU.ActiveCfg = Debug|Any CPU
		{28D9B3A6-80A0-4D79-86CE-88906DF7C067}.Debug|Any CPU.Build.0 = Debug|Any CPU
		{28D9B3A6-80A0-4D79-86CE-88906DF7C067}.Release|Any CPU.ActiveCfg = Release|Any CPU
		{28D9B3A6-80A0-4D79-86CE-88906DF7C067}.Release|Any CPU.Build.0 = Release|Any CPU
	EndGlobalSection
	GlobalSection(SolutionProperties) = preSolution
		HideSolutionNode = FALSE
	EndGlobalSection
	GlobalSection(ExtensibilityGlobals) = postSolution
		SolutionGuid = {E6F6BC20-A09E-40A8-A68E-C8016902944D}
	EndGlobalSection
EndGlobal
